// !$*UTF8*$!
{
	archiveVersion = 1;
	classes = {
	};
	objectVersion = 56;
	objects = {

/* Begin PBXBuildFile section */
		A80019E22BE56A9100232C76 /* Resize.swift in Sources */ = {isa = PBXBuildFile; fileRef = A80019E12BE56A9100232C76 /* Resize.swift */; };
		A80019E42BE6B7FC00232C76 /* PhotoObject.swift in Sources */ = {isa = PBXBuildFile; fileRef = A80019E32BE6B7FC00232C76 /* PhotoObject.swift */; };
		A80019E72BE6C78A00232C76 /* FeedView.swift in Sources */ = {isa = PBXBuildFile; fileRef = A80019E62BE6C78A00232C76 /* FeedView.swift */; };
		A80019EB2BE6C7F500232C76 /* PostView.swift in Sources */ = {isa = PBXBuildFile; fileRef = A80019EA2BE6C7F500232C76 /* PostView.swift */; };
		A80019ED2BE6E01500232C76 /* RealMediaLoader.swift in Sources */ = {isa = PBXBuildFile; fileRef = A80019EC2BE6E01500232C76 /* RealMediaLoader.swift */; };
		A80019EF2BE6EB0800232C76 /* PhotoView.swift in Sources */ = {isa = PBXBuildFile; fileRef = A80019EE2BE6EB0800232C76 /* PhotoView.swift */; };
		A80019F12BE6FF1700232C76 /* VideoView.swift in Sources */ = {isa = PBXBuildFile; fileRef = A80019F02BE6FF1700232C76 /* VideoView.swift */; };
		A80019F32BE9A06100232C76 /* PhotoScrollerView.swift in Sources */ = {isa = PBXBuildFile; fileRef = A80019F22BE9A06100232C76 /* PhotoScrollerView.swift */; };
		A80019F92BEC673800232C76 /* Likes.swift in Sources */ = {isa = PBXBuildFile; fileRef = A80019F82BEC673700232C76 /* Likes.swift */; };
		A80019FB2BEC67F600232C76 /* Author.swift in Sources */ = {isa = PBXBuildFile; fileRef = A80019FA2BEC67F600232C76 /* Author.swift */; };
		A80019FF2BEC6FDF00232C76 /* PreviewPosts.swift in Sources */ = {isa = PBXBuildFile; fileRef = A80019FE2BEC6FDF00232C76 /* PreviewPosts.swift */; };
		A8001A0E2BEC734C00232C76 /* MediaLoader.swift in Sources */ = {isa = PBXBuildFile; fileRef = A8001A0D2BEC734C00232C76 /* MediaLoader.swift */; };
		A8001A112BED35A000232C76 /* DIContainer.swift in Sources */ = {isa = PBXBuildFile; fileRef = A8001A102BED35A000232C76 /* DIContainer.swift */; };
		A8001A142BED36FA00232C76 /* PostViewModel.swift in Sources */ = {isa = PBXBuildFile; fileRef = A8001A132BED36FA00232C76 /* PostViewModel.swift */; };
		A8001A162BED3A4700232C76 /* APIService.swift in Sources */ = {isa = PBXBuildFile; fileRef = A8001A152BED3A4700232C76 /* APIService.swift */; };
		A8001A192BED3D1200232C76 /* AppEnvironment.swift in Sources */ = {isa = PBXBuildFile; fileRef = A8001A182BED3D1200232C76 /* AppEnvironment.swift */; };
		A8001A1C2BED3F1600232C76 /* FeedViewModel.swift in Sources */ = {isa = PBXBuildFile; fileRef = A8001A1B2BED3F1600232C76 /* FeedViewModel.swift */; };
		A8001A1F2BED498700232C76 /* CursedVideoPlayer.swift in Sources */ = {isa = PBXBuildFile; fileRef = A8001A1E2BED498700232C76 /* CursedVideoPlayer.swift */; };
		A8001A212BED590200232C76 /* BetterMediaLoader.swift in Sources */ = {isa = PBXBuildFile; fileRef = A8001A202BED590100232C76 /* BetterMediaLoader.swift */; };
		A8001A232BED661500232C76 /* Media.swift in Sources */ = {isa = PBXBuildFile; fileRef = A8001A222BED661500232C76 /* Media.swift */; };
		A8001A252BED97C500232C76 /* Cache.swift in Sources */ = {isa = PBXBuildFile; fileRef = A8001A242BED97C500232C76 /* Cache.swift */; };
		A8001A272BEDB27000232C76 /* ScrollIndicator.swift in Sources */ = {isa = PBXBuildFile; fileRef = A8001A262BEDB27000232C76 /* ScrollIndicator.swift */; };
		A8001A2B2BEDBBB800232C76 /* Color.swift in Sources */ = {isa = PBXBuildFile; fileRef = A8001A2A2BEDBBB800232C76 /* Color.swift */; };
		A8001A2F2BEDD28F00232C76 /* BottomNavigationView.swift in Sources */ = {isa = PBXBuildFile; fileRef = A8001A2E2BEDD28F00232C76 /* BottomNavigationView.swift */; };
		A8001A312BEDD8C000232C76 /* AuthView.swift in Sources */ = {isa = PBXBuildFile; fileRef = A8001A302BEDD8C000232C76 /* AuthView.swift */; };
		A8001A332BEDD96300232C76 /* AuthViewModel.swift in Sources */ = {isa = PBXBuildFile; fileRef = A8001A322BEDD96300232C76 /* AuthViewModel.swift */; };
		A8001A352BEDDE0600232C76 /* LoginView.swift in Sources */ = {isa = PBXBuildFile; fileRef = A8001A342BEDDE0600232C76 /* LoginView.swift */; };
		A8001A372BEDDE2100232C76 /* SignUpView.swift in Sources */ = {isa = PBXBuildFile; fileRef = A8001A362BEDDE2100232C76 /* SignUpView.swift */; };
		A80F0B7A2C1514D700C1B7BA /* GrassDog.jpg in Resources */ = {isa = PBXBuildFile; fileRef = A80F0B752C1514D700C1B7BA /* GrassDog.jpg */; };
		A80F0B7B2C1514D700C1B7BA /* Dog.jpg in Resources */ = {isa = PBXBuildFile; fileRef = A80F0B762C1514D700C1B7BA /* Dog.jpg */; };
		A80F0B7C2C1514D700C1B7BA /* DogMovie.mov in Resources */ = {isa = PBXBuildFile; fileRef = A80F0B772C1514D700C1B7BA /* DogMovie.mov */; };
		A80F0B7D2C1514D700C1B7BA /* avatar.jpg in Resources */ = {isa = PBXBuildFile; fileRef = A80F0B782C1514D700C1B7BA /* avatar.jpg */; };
		A80F0B7E2C1514D700C1B7BA /* LongDog.jpg in Resources */ = {isa = PBXBuildFile; fileRef = A80F0B792C1514D700C1B7BA /* LongDog.jpg */; };
		A81D03482BCB65B500463E97 /* Sha256.swift in Sources */ = {isa = PBXBuildFile; fileRef = A81D03472BCB65B500463E97 /* Sha256.swift */; };
		A84BE2352C25D89500FD48DA /* ArrayWindow.swift in Sources */ = {isa = PBXBuildFile; fileRef = A84BE2342C25D89500FD48DA /* ArrayWindow.swift */; };
		A84BE2372C260BF800FD48DA /* ChildSizeReader.swift in Sources */ = {isa = PBXBuildFile; fileRef = A84BE2362C260BF800FD48DA /* ChildSizeReader.swift */; };
		A85AACD92BB3603200B6E8C4 /* PetatetApp.swift in Sources */ = {isa = PBXBuildFile; fileRef = A85AACD82BB3603200B6E8C4 /* PetatetApp.swift */; };
		A85AACDB2BB3603200B6E8C4 /* ContentView.swift in Sources */ = {isa = PBXBuildFile; fileRef = A85AACDA2BB3603200B6E8C4 /* ContentView.swift */; };
		A85AACDD2BB3603400B6E8C4 /* Assets.xcassets in Resources */ = {isa = PBXBuildFile; fileRef = A85AACDC2BB3603400B6E8C4 /* Assets.xcassets */; };
		A85AACE02BB3603400B6E8C4 /* Preview Assets.xcassets in Resources */ = {isa = PBXBuildFile; fileRef = A85AACDF2BB3603400B6E8C4 /* Preview Assets.xcassets */; };
		A85AACEA2BB3603500B6E8C4 /* PetatetTests.swift in Sources */ = {isa = PBXBuildFile; fileRef = A85AACE92BB3603500B6E8C4 /* PetatetTests.swift */; };
		A85AAD042BB360AD00B6E8C4 /* RealAPIService.swift in Sources */ = {isa = PBXBuildFile; fileRef = A85AAD032BB360AD00B6E8C4 /* RealAPIService.swift */; };
		A85AAD092BB3670600B6E8C4 /* APIServiceTests.swift in Sources */ = {isa = PBXBuildFile; fileRef = A85AAD082BB3670600B6E8C4 /* APIServiceTests.swift */; };
		A85AAD0C2BB3692C00B6E8C4 /* StringError.swift in Sources */ = {isa = PBXBuildFile; fileRef = A85AAD0B2BB3692C00B6E8C4 /* StringError.swift */; };
		A8661EFA2C14F5A100E9268F /* Alamofire in Frameworks */ = {isa = PBXBuildFile; productRef = A8661EF92C14F5A100E9268F /* Alamofire */; };
		A878E0EE2BF1AC63007ACB4F /* IsVideoURL.swift in Sources */ = {isa = PBXBuildFile; fileRef = A878E0ED2BF1AC63007ACB4F /* IsVideoURL.swift */; };
		A89F207E2BC4635A00108B67 /* APIResponses.swift in Sources */ = {isa = PBXBuildFile; fileRef = A89F207D2BC4635A00108B67 /* APIResponses.swift */; };
		A8B03F552BDC659E006317B3 /* Endpoints.swift in Sources */ = {isa = PBXBuildFile; fileRef = A8B03F542BDC659E006317B3 /* Endpoints.swift */; };
		A8DBC8AC2BE32A89008AA7E7 /* Post.swift in Sources */ = {isa = PBXBuildFile; fileRef = A8DBC8AB2BE32A89008AA7E7 /* Post.swift */; };
/* End PBXBuildFile section */

/* Begin PBXContainerItemProxy section */
		A85AACE62BB3603500B6E8C4 /* PBXContainerItemProxy */ = {
			isa = PBXContainerItemProxy;
			containerPortal = A85AACCD2BB3603200B6E8C4 /* Project object */;
			proxyType = 1;
			remoteGlobalIDString = A85AACD42BB3603200B6E8C4;
			remoteInfo = Petatet;
		};
/* End PBXContainerItemProxy section */

/* Begin PBXCopyFilesBuildPhase section */
		A87B72642BB5EDBC00B7A1EA /* Embed Frameworks */ = {
			isa = PBXCopyFilesBuildPhase;
			buildActionMask = 2147483647;
			dstPath = "";
			dstSubfolderSpec = 10;
			files = (
			);
			name = "Embed Frameworks";
			runOnlyForDeploymentPostprocessing = 0;
		};
/* End PBXCopyFilesBuildPhase section */

/* Begin PBXFileReference section */
		A80019E12BE56A9100232C76 /* Resize.swift */ = {isa = PBXFileReference; lastKnownFileType = sourcecode.swift; path = Resize.swift; sourceTree = "<group>"; };
		A80019E32BE6B7FC00232C76 /* PhotoObject.swift */ = {isa = PBXFileReference; lastKnownFileType = sourcecode.swift; path = PhotoObject.swift; sourceTree = "<group>"; };
		A80019E62BE6C78A00232C76 /* FeedView.swift */ = {isa = PBXFileReference; lastKnownFileType = sourcecode.swift; path = FeedView.swift; sourceTree = "<group>"; };
		A80019EA2BE6C7F500232C76 /* PostView.swift */ = {isa = PBXFileReference; lastKnownFileType = sourcecode.swift; path = PostView.swift; sourceTree = "<group>"; };
		A80019EC2BE6E01500232C76 /* RealMediaLoader.swift */ = {isa = PBXFileReference; lastKnownFileType = sourcecode.swift; path = RealMediaLoader.swift; sourceTree = "<group>"; };
		A80019EE2BE6EB0800232C76 /* PhotoView.swift */ = {isa = PBXFileReference; lastKnownFileType = sourcecode.swift; path = PhotoView.swift; sourceTree = "<group>"; };
		A80019F02BE6FF1700232C76 /* VideoView.swift */ = {isa = PBXFileReference; lastKnownFileType = sourcecode.swift; path = VideoView.swift; sourceTree = "<group>"; };
		A80019F22BE9A06100232C76 /* PhotoScrollerView.swift */ = {isa = PBXFileReference; lastKnownFileType = sourcecode.swift; path = PhotoScrollerView.swift; sourceTree = "<group>"; };
		A80019F82BEC673700232C76 /* Likes.swift */ = {isa = PBXFileReference; lastKnownFileType = sourcecode.swift; path = Likes.swift; sourceTree = "<group>"; };
		A80019FA2BEC67F600232C76 /* Author.swift */ = {isa = PBXFileReference; lastKnownFileType = sourcecode.swift; path = Author.swift; sourceTree = "<group>"; };
		A80019FE2BEC6FDF00232C76 /* PreviewPosts.swift */ = {isa = PBXFileReference; lastKnownFileType = sourcecode.swift; path = PreviewPosts.swift; sourceTree = "<group>"; };
		A8001A0D2BEC734C00232C76 /* MediaLoader.swift */ = {isa = PBXFileReference; lastKnownFileType = sourcecode.swift; path = MediaLoader.swift; sourceTree = "<group>"; };
		A8001A102BED35A000232C76 /* DIContainer.swift */ = {isa = PBXFileReference; lastKnownFileType = sourcecode.swift; path = DIContainer.swift; sourceTree = "<group>"; };
		A8001A132BED36FA00232C76 /* PostViewModel.swift */ = {isa = PBXFileReference; lastKnownFileType = sourcecode.swift; path = PostViewModel.swift; sourceTree = "<group>"; };
		A8001A152BED3A4700232C76 /* APIService.swift */ = {isa = PBXFileReference; lastKnownFileType = sourcecode.swift; path = APIService.swift; sourceTree = "<group>"; };
		A8001A182BED3D1200232C76 /* AppEnvironment.swift */ = {isa = PBXFileReference; lastKnownFileType = sourcecode.swift; path = AppEnvironment.swift; sourceTree = "<group>"; };
		A8001A1B2BED3F1600232C76 /* FeedViewModel.swift */ = {isa = PBXFileReference; lastKnownFileType = sourcecode.swift; path = FeedViewModel.swift; sourceTree = "<group>"; };
		A8001A1E2BED498700232C76 /* CursedVideoPlayer.swift */ = {isa = PBXFileReference; lastKnownFileType = sourcecode.swift; path = CursedVideoPlayer.swift; sourceTree = "<group>"; };
		A8001A202BED590100232C76 /* BetterMediaLoader.swift */ = {isa = PBXFileReference; lastKnownFileType = sourcecode.swift; path = BetterMediaLoader.swift; sourceTree = "<group>"; };
		A8001A222BED661500232C76 /* Media.swift */ = {isa = PBXFileReference; lastKnownFileType = sourcecode.swift; path = Media.swift; sourceTree = "<group>"; };
		A8001A242BED97C500232C76 /* Cache.swift */ = {isa = PBXFileReference; lastKnownFileType = sourcecode.swift; path = Cache.swift; sourceTree = "<group>"; };
		A8001A262BEDB27000232C76 /* ScrollIndicator.swift */ = {isa = PBXFileReference; lastKnownFileType = sourcecode.swift; path = ScrollIndicator.swift; sourceTree = "<group>"; };
		A8001A2A2BEDBBB800232C76 /* Color.swift */ = {isa = PBXFileReference; lastKnownFileType = sourcecode.swift; path = Color.swift; sourceTree = "<group>"; };
		A8001A2E2BEDD28F00232C76 /* BottomNavigationView.swift */ = {isa = PBXFileReference; lastKnownFileType = sourcecode.swift; path = BottomNavigationView.swift; sourceTree = "<group>"; };
		A8001A302BEDD8C000232C76 /* AuthView.swift */ = {isa = PBXFileReference; lastKnownFileType = sourcecode.swift; path = AuthView.swift; sourceTree = "<group>"; };
		A8001A322BEDD96300232C76 /* AuthViewModel.swift */ = {isa = PBXFileReference; lastKnownFileType = sourcecode.swift; path = AuthViewModel.swift; sourceTree = "<group>"; };
		A8001A342BEDDE0600232C76 /* LoginView.swift */ = {isa = PBXFileReference; lastKnownFileType = sourcecode.swift; path = LoginView.swift; sourceTree = "<group>"; };
		A8001A362BEDDE2100232C76 /* SignUpView.swift */ = {isa = PBXFileReference; lastKnownFileType = sourcecode.swift; path = SignUpView.swift; sourceTree = "<group>"; };
		A80F0B752C1514D700C1B7BA /* GrassDog.jpg */ = {isa = PBXFileReference; lastKnownFileType = image.jpeg; path = GrassDog.jpg; sourceTree = "<group>"; };
		A80F0B762C1514D700C1B7BA /* Dog.jpg */ = {isa = PBXFileReference; lastKnownFileType = image.jpeg; path = Dog.jpg; sourceTree = "<group>"; };
		A80F0B772C1514D700C1B7BA /* DogMovie.mov */ = {isa = PBXFileReference; lastKnownFileType = video.quicktime; path = DogMovie.mov; sourceTree = "<group>"; };
		A80F0B782C1514D700C1B7BA /* avatar.jpg */ = {isa = PBXFileReference; lastKnownFileType = image.jpeg; path = avatar.jpg; sourceTree = "<group>"; };
		A80F0B792C1514D700C1B7BA /* LongDog.jpg */ = {isa = PBXFileReference; lastKnownFileType = image.jpeg; path = LongDog.jpg; sourceTree = "<group>"; };
		A81D03472BCB65B500463E97 /* Sha256.swift */ = {isa = PBXFileReference; lastKnownFileType = sourcecode.swift; path = Sha256.swift; sourceTree = "<group>"; };
		A84BE2342C25D89500FD48DA /* ArrayWindow.swift */ = {isa = PBXFileReference; lastKnownFileType = sourcecode.swift; path = ArrayWindow.swift; sourceTree = "<group>"; };
		A84BE2362C260BF800FD48DA /* ChildSizeReader.swift */ = {isa = PBXFileReference; lastKnownFileType = sourcecode.swift; path = ChildSizeReader.swift; sourceTree = "<group>"; };
		A85AACD52BB3603200B6E8C4 /* Petatet.app */ = {isa = PBXFileReference; explicitFileType = wrapper.application; includeInIndex = 0; path = Petatet.app; sourceTree = BUILT_PRODUCTS_DIR; };
		A85AACD82BB3603200B6E8C4 /* PetatetApp.swift */ = {isa = PBXFileReference; lastKnownFileType = sourcecode.swift; path = PetatetApp.swift; sourceTree = "<group>"; };
		A85AACDA2BB3603200B6E8C4 /* ContentView.swift */ = {isa = PBXFileReference; lastKnownFileType = sourcecode.swift; path = ContentView.swift; sourceTree = "<group>"; };
		A85AACDC2BB3603400B6E8C4 /* Assets.xcassets */ = {isa = PBXFileReference; lastKnownFileType = folder.assetcatalog; path = Assets.xcassets; sourceTree = "<group>"; };
		A85AACDF2BB3603400B6E8C4 /* Preview Assets.xcassets */ = {isa = PBXFileReference; lastKnownFileType = folder.assetcatalog; path = "Preview Assets.xcassets"; sourceTree = "<group>"; };
		A85AACE52BB3603500B6E8C4 /* PetatetTests.xctest */ = {isa = PBXFileReference; explicitFileType = wrapper.cfbundle; includeInIndex = 0; path = PetatetTests.xctest; sourceTree = BUILT_PRODUCTS_DIR; };
		A85AACE92BB3603500B6E8C4 /* PetatetTests.swift */ = {isa = PBXFileReference; lastKnownFileType = sourcecode.swift; path = PetatetTests.swift; sourceTree = "<group>"; };
		A85AAD032BB360AD00B6E8C4 /* RealAPIService.swift */ = {isa = PBXFileReference; lastKnownFileType = sourcecode.swift; path = RealAPIService.swift; sourceTree = "<group>"; };
		A85AAD082BB3670600B6E8C4 /* APIServiceTests.swift */ = {isa = PBXFileReference; lastKnownFileType = sourcecode.swift; path = APIServiceTests.swift; sourceTree = "<group>"; };
		A85AAD0B2BB3692C00B6E8C4 /* StringError.swift */ = {isa = PBXFileReference; lastKnownFileType = sourcecode.swift; path = StringError.swift; sourceTree = "<group>"; };
		A878E0ED2BF1AC63007ACB4F /* IsVideoURL.swift */ = {isa = PBXFileReference; lastKnownFileType = sourcecode.swift; path = IsVideoURL.swift; sourceTree = "<group>"; };
		A89F207D2BC4635A00108B67 /* APIResponses.swift */ = {isa = PBXFileReference; lastKnownFileType = sourcecode.swift; path = APIResponses.swift; sourceTree = "<group>"; };
		A8B03F542BDC659E006317B3 /* Endpoints.swift */ = {isa = PBXFileReference; lastKnownFileType = sourcecode.swift; path = Endpoints.swift; sourceTree = "<group>"; };
		A8DBC8AB2BE32A89008AA7E7 /* Post.swift */ = {isa = PBXFileReference; lastKnownFileType = sourcecode.swift; path = Post.swift; sourceTree = "<group>"; };
/* End PBXFileReference section */

/* Begin PBXFrameworksBuildPhase section */
		A85AACD22BB3603200B6E8C4 /* Frameworks */ = {
			isa = PBXFrameworksBuildPhase;
			buildActionMask = 2147483647;
			files = (
				A8661EFA2C14F5A100E9268F /* Alamofire in Frameworks */,
			);
			runOnlyForDeploymentPostprocessing = 0;
		};
		A85AACE22BB3603500B6E8C4 /* Frameworks */ = {
			isa = PBXFrameworksBuildPhase;
			buildActionMask = 2147483647;
			files = (
			);
			runOnlyForDeploymentPostprocessing = 0;
		};
/* End PBXFrameworksBuildPhase section */

/* Begin PBXGroup section */
		A80019E52BE6C00500232C76 /* UI */ = {
			isa = PBXGroup;
			children = (
				A85AACDA2BB3603200B6E8C4 /* ContentView.swift */,
				A8001A2C2BEDD1D800232C76 /* AuthView */,
				A8001A2D2BEDD1EA00232C76 /* BottomNavigation */,
				A8001A1A2BED3F0200232C76 /* FeedView */,
				A8001A122BED36E400232C76 /* PostView */,
			);
			path = UI;
			sourceTree = "<group>";
		};
		A80019E92BE6C7CB00232C76 /* Components */ = {
			isa = PBXGroup;
			children = (
				A80019F22BE9A06100232C76 /* PhotoScrollerView.swift */,
				A80019EE2BE6EB0800232C76 /* PhotoView.swift */,
				A80019F02BE6FF1700232C76 /* VideoView.swift */,
				A8001A262BEDB27000232C76 /* ScrollIndicator.swift */,
			);
			path = Components;
			sourceTree = "<group>";
		};
		A80019FC2BEC680200232C76 /* Post */ = {
			isa = PBXGroup;
			children = (
				A8DBC8AB2BE32A89008AA7E7 /* Post.swift */,
				A80019FA2BEC67F600232C76 /* Author.swift */,
				A80019F82BEC673700232C76 /* Likes.swift */,
				A80019E32BE6B7FC00232C76 /* PhotoObject.swift */,
			);
			path = Post;
			sourceTree = "<group>";
		};
		A80019FD2BEC6FC300232C76 /* Preview */ = {
			isa = PBXGroup;
			children = (
				A80F0B742C15146100C1B7BA /* Preview Media */,
				A80019FE2BEC6FDF00232C76 /* PreviewPosts.swift */,
				A8001A1E2BED498700232C76 /* CursedVideoPlayer.swift */,
			);
			path = Preview;
			sourceTree = "<group>";
		};
		A8001A0C2BEC72FC00232C76 /* MediaLoader */ = {
			isa = PBXGroup;
			children = (
				A8001A0D2BEC734C00232C76 /* MediaLoader.swift */,
				A80019EC2BE6E01500232C76 /* RealMediaLoader.swift */,
				A8001A202BED590100232C76 /* BetterMediaLoader.swift */,
			);
			path = MediaLoader;
			sourceTree = "<group>";
		};
		A8001A0F2BED357300232C76 /* Injected */ = {
			isa = PBXGroup;
			children = (
				A8001A102BED35A000232C76 /* DIContainer.swift */,
			);
			path = Injected;
			sourceTree = "<group>";
		};
		A8001A122BED36E400232C76 /* PostView */ = {
			isa = PBXGroup;
			children = (
				A80019EA2BE6C7F500232C76 /* PostView.swift */,
				A8001A132BED36FA00232C76 /* PostViewModel.swift */,
				A80019E92BE6C7CB00232C76 /* Components */,
			);
			path = PostView;
			sourceTree = "<group>";
		};
		A8001A172BED3CF400232C76 /* System */ = {
			isa = PBXGroup;
			children = (
				A8001A182BED3D1200232C76 /* AppEnvironment.swift */,
			);
			path = System;
			sourceTree = "<group>";
		};
		A8001A1A2BED3F0200232C76 /* FeedView */ = {
			isa = PBXGroup;
			children = (
				A80019E62BE6C78A00232C76 /* FeedView.swift */,
				A8001A1B2BED3F1600232C76 /* FeedViewModel.swift */,
			);
			path = FeedView;
			sourceTree = "<group>";
		};
		A8001A2C2BEDD1D800232C76 /* AuthView */ = {
			isa = PBXGroup;
			children = (
				A8001A302BEDD8C000232C76 /* AuthView.swift */,
				A8001A342BEDDE0600232C76 /* LoginView.swift */,
				A8001A362BEDDE2100232C76 /* SignUpView.swift */,
				A8001A322BEDD96300232C76 /* AuthViewModel.swift */,
			);
			path = AuthView;
			sourceTree = "<group>";
		};
		A8001A2D2BEDD1EA00232C76 /* BottomNavigation */ = {
			isa = PBXGroup;
			children = (
				A8001A2E2BEDD28F00232C76 /* BottomNavigationView.swift */,
			);
			path = BottomNavigation;
			sourceTree = "<group>";
		};
		A80F0B742C15146100C1B7BA /* Preview Media */ = {
			isa = PBXGroup;
			children = (
				A80F0B782C1514D700C1B7BA /* avatar.jpg */,
				A80F0B762C1514D700C1B7BA /* Dog.jpg */,
				A80F0B772C1514D700C1B7BA /* DogMovie.mov */,
				A80F0B752C1514D700C1B7BA /* GrassDog.jpg */,
				A80F0B792C1514D700C1B7BA /* LongDog.jpg */,
			);
			path = "Preview Media";
			sourceTree = "<group>";
		};
		A85AACCC2BB3603200B6E8C4 = {
			isa = PBXGroup;
			children = (
				A85AACD72BB3603200B6E8C4 /* Petatet */,
				A85AACD62BB3603200B6E8C4 /* Products */,
				A85AACE82BB3603500B6E8C4 /* PetatetTests */,
				A8661EEE2C14F27B00E9268F /* Frameworks */,
			);
			sourceTree = "<group>";
		};
		A85AACD62BB3603200B6E8C4 /* Products */ = {
			isa = PBXGroup;
			children = (
				A85AACD52BB3603200B6E8C4 /* Petatet.app */,
				A85AACE52BB3603500B6E8C4 /* PetatetTests.xctest */,
			);
			name = Products;
			sourceTree = "<group>";
		};
		A85AACD72BB3603200B6E8C4 /* Petatet */ = {
			isa = PBXGroup;
			children = (
				A85AACD82BB3603200B6E8C4 /* PetatetApp.swift */,
				A8001A172BED3CF400232C76 /* System */,
				A8001A0F2BED357300232C76 /* Injected */,
				A80019E52BE6C00500232C76 /* UI */,
				A89F207B2BC462EC00108B67 /* Model */,
				A85AAD022BB3605D00B6E8C4 /* Services */,
				A85AAD0A2BB3691200B6E8C4 /* Utils */,
				A85AACDC2BB3603400B6E8C4 /* Assets.xcassets */,
				A80019FD2BEC6FC300232C76 /* Preview */,
				A85AACDE2BB3603400B6E8C4 /* Preview Content */,
			);
			path = Petatet;
			sourceTree = "<group>";
		};
		A85AACDE2BB3603400B6E8C4 /* Preview Content */ = {
			isa = PBXGroup;
			children = (
				A85AACDF2BB3603400B6E8C4 /* Preview Assets.xcassets */,
			);
			path = "Preview Content";
			sourceTree = "<group>";
		};
		A85AACE82BB3603500B6E8C4 /* PetatetTests */ = {
			isa = PBXGroup;
			children = (
				A85AAD082BB3670600B6E8C4 /* APIServiceTests.swift */,
				A85AACE92BB3603500B6E8C4 /* PetatetTests.swift */,
			);
			path = PetatetTests;
			sourceTree = "<group>";
		};
		A85AAD022BB3605D00B6E8C4 /* Services */ = {
			isa = PBXGroup;
			children = (
				A8B03F532BDC6583006317B3 /* APIService */,
				A8001A0C2BEC72FC00232C76 /* MediaLoader */,
			);
			path = Services;
			sourceTree = "<group>";
		};
		A85AAD0A2BB3691200B6E8C4 /* Utils */ = {
			isa = PBXGroup;
			children = (
				A85AAD0B2BB3692C00B6E8C4 /* StringError.swift */,
				A81D03472BCB65B500463E97 /* Sha256.swift */,
				A80019E12BE56A9100232C76 /* Resize.swift */,
				A8001A2A2BEDBBB800232C76 /* Color.swift */,
				A878E0ED2BF1AC63007ACB4F /* IsVideoURL.swift */,
				A84BE2342C25D89500FD48DA /* ArrayWindow.swift */,
				A84BE2362C260BF800FD48DA /* ChildSizeReader.swift */,
			);
			path = Utils;
			sourceTree = "<group>";
		};
		A8661EEE2C14F27B00E9268F /* Frameworks */ = {
			isa = PBXGroup;
			children = (
			);
			name = Frameworks;
			sourceTree = "<group>";
		};
		A89F207B2BC462EC00108B67 /* Model */ = {
			isa = PBXGroup;
			children = (
				A89F207D2BC4635A00108B67 /* APIResponses.swift */,
				A8001A222BED661500232C76 /* Media.swift */,
				A80019FC2BEC680200232C76 /* Post */,
				A8001A242BED97C500232C76 /* Cache.swift */,
			);
			path = Model;
			sourceTree = "<group>";
		};
		A8B03F532BDC6583006317B3 /* APIService */ = {
			isa = PBXGroup;
			children = (
				A8001A152BED3A4700232C76 /* APIService.swift */,
				A85AAD032BB360AD00B6E8C4 /* RealAPIService.swift */,
				A8B03F542BDC659E006317B3 /* Endpoints.swift */,
			);
			path = APIService;
			sourceTree = "<group>";
		};
/* End PBXGroup section */

/* Begin PBXNativeTarget section */
		A85AACD42BB3603200B6E8C4 /* Petatet */ = {
			isa = PBXNativeTarget;
			buildConfigurationList = A85AACF92BB3603500B6E8C4 /* Build configuration list for PBXNativeTarget "Petatet" */;
			buildPhases = (
				A85AACD12BB3603200B6E8C4 /* Sources */,
				A85AACD22BB3603200B6E8C4 /* Frameworks */,
				A85AACD32BB3603200B6E8C4 /* Resources */,
				A87B72642BB5EDBC00B7A1EA /* Embed Frameworks */,
			);
			buildRules = (
			);
			dependencies = (
			);
			name = Petatet;
			packageProductDependencies = (
				A8661EF92C14F5A100E9268F /* Alamofire */,
			);
			productName = Petatet;
			productReference = A85AACD52BB3603200B6E8C4 /* Petatet.app */;
			productType = "com.apple.product-type.application";
		};
		A85AACE42BB3603500B6E8C4 /* PetatetTests */ = {
			isa = PBXNativeTarget;
			buildConfigurationList = A85AACFC2BB3603500B6E8C4 /* Build configuration list for PBXNativeTarget "PetatetTests" */;
			buildPhases = (
				A85AACE12BB3603500B6E8C4 /* Sources */,
				A85AACE22BB3603500B6E8C4 /* Frameworks */,
				A85AACE32BB3603500B6E8C4 /* Resources */,
			);
			buildRules = (
			);
			dependencies = (
				A85AACE72BB3603500B6E8C4 /* PBXTargetDependency */,
			);
			name = PetatetTests;
			productName = PetatetTests;
			productReference = A85AACE52BB3603500B6E8C4 /* PetatetTests.xctest */;
			productType = "com.apple.product-type.bundle.unit-test";
		};
/* End PBXNativeTarget section */

/* Begin PBXProject section */
		A85AACCD2BB3603200B6E8C4 /* Project object */ = {
			isa = PBXProject;
			attributes = {
				BuildIndependentTargetsInParallel = 1;
				LastSwiftUpdateCheck = 1500;
				LastUpgradeCheck = 1500;
				TargetAttributes = {
					A85AACD42BB3603200B6E8C4 = {
						CreatedOnToolsVersion = 15.0;
					};
					A85AACE42BB3603500B6E8C4 = {
						CreatedOnToolsVersion = 15.0;
						TestTargetID = A85AACD42BB3603200B6E8C4;
					};
				};
			};
			buildConfigurationList = A85AACD02BB3603200B6E8C4 /* Build configuration list for PBXProject "Petatet" */;
			compatibilityVersion = "Xcode 14.0";
			developmentRegion = en;
			hasScannedForEncodings = 0;
			knownRegions = (
				en,
				Base,
			);
			mainGroup = A85AACCC2BB3603200B6E8C4;
			packageReferences = (
				A8661EF82C14F5A100E9268F /* XCRemoteSwiftPackageReference "Alamofire" */,
			);
			productRefGroup = A85AACD62BB3603200B6E8C4 /* Products */;
			projectDirPath = "";
			projectRoot = "";
			targets = (
				A85AACD42BB3603200B6E8C4 /* Petatet */,
				A85AACE42BB3603500B6E8C4 /* PetatetTests */,
			);
		};
/* End PBXProject section */

/* Begin PBXResourcesBuildPhase section */
		A85AACD32BB3603200B6E8C4 /* Resources */ = {
			isa = PBXResourcesBuildPhase;
			buildActionMask = 2147483647;
			files = (
				A80F0B7B2C1514D700C1B7BA /* Dog.jpg in Resources */,
				A80F0B7A2C1514D700C1B7BA /* GrassDog.jpg in Resources */,
				A80F0B7D2C1514D700C1B7BA /* avatar.jpg in Resources */,
				A85AACE02BB3603400B6E8C4 /* Preview Assets.xcassets in Resources */,
				A85AACDD2BB3603400B6E8C4 /* Assets.xcassets in Resources */,
				A80F0B7C2C1514D700C1B7BA /* DogMovie.mov in Resources */,
				A80F0B7E2C1514D700C1B7BA /* LongDog.jpg in Resources */,
			);
			runOnlyForDeploymentPostprocessing = 0;
		};
		A85AACE32BB3603500B6E8C4 /* Resources */ = {
			isa = PBXResourcesBuildPhase;
			buildActionMask = 2147483647;
			files = (
			);
			runOnlyForDeploymentPostprocessing = 0;
		};
/* End PBXResourcesBuildPhase section */

/* Begin PBXSourcesBuildPhase section */
		A85AACD12BB3603200B6E8C4 /* Sources */ = {
			isa = PBXSourcesBuildPhase;
			buildActionMask = 2147483647;
			files = (
				A878E0EE2BF1AC63007ACB4F /* IsVideoURL.swift in Sources */,
				A8001A212BED590200232C76 /* BetterMediaLoader.swift in Sources */,
				A8001A1C2BED3F1600232C76 /* FeedViewModel.swift in Sources */,
				A84BE2352C25D89500FD48DA /* ArrayWindow.swift in Sources */,
				A8001A232BED661500232C76 /* Media.swift in Sources */,
				A80019FF2BEC6FDF00232C76 /* PreviewPosts.swift in Sources */,
				A80019FB2BEC67F600232C76 /* Author.swift in Sources */,
				A85AAD042BB360AD00B6E8C4 /* RealAPIService.swift in Sources */,
				A85AAD0C2BB3692C00B6E8C4 /* StringError.swift in Sources */,
				A84BE2372C260BF800FD48DA /* ChildSizeReader.swift in Sources */,
				A80019E42BE6B7FC00232C76 /* PhotoObject.swift in Sources */,
				A8001A352BEDDE0600232C76 /* LoginView.swift in Sources */,
				A8001A192BED3D1200232C76 /* AppEnvironment.swift in Sources */,
				A81D03482BCB65B500463E97 /* Sha256.swift in Sources */,
				A80019F92BEC673800232C76 /* Likes.swift in Sources */,
				A8001A112BED35A000232C76 /* DIContainer.swift in Sources */,
				A8001A0E2BEC734C00232C76 /* MediaLoader.swift in Sources */,
				A80019F32BE9A06100232C76 /* PhotoScrollerView.swift in Sources */,
				A80019EB2BE6C7F500232C76 /* PostView.swift in Sources */,
				A8001A372BEDDE2100232C76 /* SignUpView.swift in Sources */,
				A80019E72BE6C78A00232C76 /* FeedView.swift in Sources */,
				A8DBC8AC2BE32A89008AA7E7 /* Post.swift in Sources */,
				A85AACDB2BB3603200B6E8C4 /* ContentView.swift in Sources */,
				A80019EF2BE6EB0800232C76 /* PhotoView.swift in Sources */,
				A8001A2B2BEDBBB800232C76 /* Color.swift in Sources */,
				A8001A312BEDD8C000232C76 /* AuthView.swift in Sources */,
				A80019ED2BE6E01500232C76 /* RealMediaLoader.swift in Sources */,
				A8001A2F2BEDD28F00232C76 /* BottomNavigationView.swift in Sources */,
				A80019E22BE56A9100232C76 /* Resize.swift in Sources */,
				A8001A332BEDD96300232C76 /* AuthViewModel.swift in Sources */,
				A80019F12BE6FF1700232C76 /* VideoView.swift in Sources */,
				A8001A272BEDB27000232C76 /* ScrollIndicator.swift in Sources */,
				A8001A162BED3A4700232C76 /* APIService.swift in Sources */,
				A8001A142BED36FA00232C76 /* PostViewModel.swift in Sources */,
				A8001A1F2BED498700232C76 /* CursedVideoPlayer.swift in Sources */,
				A85AACD92BB3603200B6E8C4 /* PetatetApp.swift in Sources */,
				A8B03F552BDC659E006317B3 /* Endpoints.swift in Sources */,
				A89F207E2BC4635A00108B67 /* APIResponses.swift in Sources */,
				A8001A252BED97C500232C76 /* Cache.swift in Sources */,
			);
			runOnlyForDeploymentPostprocessing = 0;
		};
		A85AACE12BB3603500B6E8C4 /* Sources */ = {
			isa = PBXSourcesBuildPhase;
			buildActionMask = 2147483647;
			files = (
				A85AAD092BB3670600B6E8C4 /* APIServiceTests.swift in Sources */,
				A85AACEA2BB3603500B6E8C4 /* PetatetTests.swift in Sources */,
			);
			runOnlyForDeploymentPostprocessing = 0;
		};
/* End PBXSourcesBuildPhase section */

/* Begin PBXTargetDependency section */
		A85AACE72BB3603500B6E8C4 /* PBXTargetDependency */ = {
			isa = PBXTargetDependency;
			target = A85AACD42BB3603200B6E8C4 /* Petatet */;
			targetProxy = A85AACE62BB3603500B6E8C4 /* PBXContainerItemProxy */;
		};
/* End PBXTargetDependency section */

/* Begin XCBuildConfiguration section */
		A85AACF72BB3603500B6E8C4 /* Debug */ = {
			isa = XCBuildConfiguration;
			buildSettings = {
				ALWAYS_SEARCH_USER_PATHS = NO;
				ASSETCATALOG_COMPILER_GENERATE_SWIFT_ASSET_SYMBOL_EXTENSIONS = YES;
				CLANG_ANALYZER_NONNULL = YES;
				CLANG_ANALYZER_NUMBER_OBJECT_CONVERSION = YES_AGGRESSIVE;
				CLANG_CXX_LANGUAGE_STANDARD = "gnu++20";
				CLANG_ENABLE_MODULES = YES;
				CLANG_ENABLE_OBJC_ARC = YES;
				CLANG_ENABLE_OBJC_WEAK = YES;
				CLANG_WARN_BLOCK_CAPTURE_AUTORELEASING = YES;
				CLANG_WARN_BOOL_CONVERSION = YES;
				CLANG_WARN_COMMA = YES;
				CLANG_WARN_CONSTANT_CONVERSION = YES;
				CLANG_WARN_DEPRECATED_OBJC_IMPLEMENTATIONS = YES;
				CLANG_WARN_DIRECT_OBJC_ISA_USAGE = YES_ERROR;
				CLANG_WARN_DOCUMENTATION_COMMENTS = YES;
				CLANG_WARN_EMPTY_BODY = YES;
				CLANG_WARN_ENUM_CONVERSION = YES;
				CLANG_WARN_INFINITE_RECURSION = YES;
				CLANG_WARN_INT_CONVERSION = YES;
				CLANG_WARN_NON_LITERAL_NULL_CONVERSION = YES;
				CLANG_WARN_OBJC_IMPLICIT_RETAIN_SELF = YES;
				CLANG_WARN_OBJC_LITERAL_CONVERSION = YES;
				CLANG_WARN_OBJC_ROOT_CLASS = YES_ERROR;
				CLANG_WARN_QUOTED_INCLUDE_IN_FRAMEWORK_HEADER = YES;
				CLANG_WARN_RANGE_LOOP_ANALYSIS = YES;
				CLANG_WARN_STRICT_PROTOTYPES = YES;
				CLANG_WARN_SUSPICIOUS_MOVE = YES;
				CLANG_WARN_UNGUARDED_AVAILABILITY = YES_AGGRESSIVE;
				CLANG_WARN_UNREACHABLE_CODE = YES;
				CLANG_WARN__DUPLICATE_METHOD_MATCH = YES;
				COPY_PHASE_STRIP = NO;
				DEBUG_INFORMATION_FORMAT = dwarf;
				ENABLE_STRICT_OBJC_MSGSEND = YES;
				ENABLE_TESTABILITY = YES;
				ENABLE_USER_SCRIPT_SANDBOXING = YES;
				GCC_C_LANGUAGE_STANDARD = gnu17;
				GCC_DYNAMIC_NO_PIC = NO;
				GCC_NO_COMMON_BLOCKS = YES;
				GCC_OPTIMIZATION_LEVEL = 0;
				GCC_PREPROCESSOR_DEFINITIONS = (
					"DEBUG=1",
					"$(inherited)",
				);
				GCC_WARN_64_TO_32_BIT_CONVERSION = YES;
				GCC_WARN_ABOUT_RETURN_TYPE = YES_ERROR;
				GCC_WARN_UNDECLARED_SELECTOR = YES;
				GCC_WARN_UNINITIALIZED_AUTOS = YES_AGGRESSIVE;
				GCC_WARN_UNUSED_FUNCTION = YES;
				GCC_WARN_UNUSED_VARIABLE = YES;
				IPHONEOS_DEPLOYMENT_TARGET = 17.0;
				LOCALIZATION_PREFERS_STRING_CATALOGS = YES;
				MTL_ENABLE_DEBUG_INFO = INCLUDE_SOURCE;
				MTL_FAST_MATH = YES;
				ONLY_ACTIVE_ARCH = YES;
				SDKROOT = iphoneos;
				SWIFT_ACTIVE_COMPILATION_CONDITIONS = "DEBUG $(inherited)";
				SWIFT_OPTIMIZATION_LEVEL = "-Onone";
			};
			name = Debug;
		};
		A85AACF82BB3603500B6E8C4 /* Release */ = {
			isa = XCBuildConfiguration;
			buildSettings = {
				ALWAYS_SEARCH_USER_PATHS = NO;
				ASSETCATALOG_COMPILER_GENERATE_SWIFT_ASSET_SYMBOL_EXTENSIONS = YES;
				CLANG_ANALYZER_NONNULL = YES;
				CLANG_ANALYZER_NUMBER_OBJECT_CONVERSION = YES_AGGRESSIVE;
				CLANG_CXX_LANGUAGE_STANDARD = "gnu++20";
				CLANG_ENABLE_MODULES = YES;
				CLANG_ENABLE_OBJC_ARC = YES;
				CLANG_ENABLE_OBJC_WEAK = YES;
				CLANG_WARN_BLOCK_CAPTURE_AUTORELEASING = YES;
				CLANG_WARN_BOOL_CONVERSION = YES;
				CLANG_WARN_COMMA = YES;
				CLANG_WARN_CONSTANT_CONVERSION = YES;
				CLANG_WARN_DEPRECATED_OBJC_IMPLEMENTATIONS = YES;
				CLANG_WARN_DIRECT_OBJC_ISA_USAGE = YES_ERROR;
				CLANG_WARN_DOCUMENTATION_COMMENTS = YES;
				CLANG_WARN_EMPTY_BODY = YES;
				CLANG_WARN_ENUM_CONVERSION = YES;
				CLANG_WARN_INFINITE_RECURSION = YES;
				CLANG_WARN_INT_CONVERSION = YES;
				CLANG_WARN_NON_LITERAL_NULL_CONVERSION = YES;
				CLANG_WARN_OBJC_IMPLICIT_RETAIN_SELF = YES;
				CLANG_WARN_OBJC_LITERAL_CONVERSION = YES;
				CLANG_WARN_OBJC_ROOT_CLASS = YES_ERROR;
				CLANG_WARN_QUOTED_INCLUDE_IN_FRAMEWORK_HEADER = YES;
				CLANG_WARN_RANGE_LOOP_ANALYSIS = YES;
				CLANG_WARN_STRICT_PROTOTYPES = YES;
				CLANG_WARN_SUSPICIOUS_MOVE = YES;
				CLANG_WARN_UNGUARDED_AVAILABILITY = YES_AGGRESSIVE;
				CLANG_WARN_UNREACHABLE_CODE = YES;
				CLANG_WARN__DUPLICATE_METHOD_MATCH = YES;
				COPY_PHASE_STRIP = NO;
				DEBUG_INFORMATION_FORMAT = "dwarf-with-dsym";
				ENABLE_NS_ASSERTIONS = NO;
				ENABLE_STRICT_OBJC_MSGSEND = YES;
				ENABLE_USER_SCRIPT_SANDBOXING = YES;
				GCC_C_LANGUAGE_STANDARD = gnu17;
				GCC_NO_COMMON_BLOCKS = YES;
				GCC_WARN_64_TO_32_BIT_CONVERSION = YES;
				GCC_WARN_ABOUT_RETURN_TYPE = YES_ERROR;
				GCC_WARN_UNDECLARED_SELECTOR = YES;
				GCC_WARN_UNINITIALIZED_AUTOS = YES_AGGRESSIVE;
				GCC_WARN_UNUSED_FUNCTION = YES;
				GCC_WARN_UNUSED_VARIABLE = YES;
				IPHONEOS_DEPLOYMENT_TARGET = 17.0;
				LOCALIZATION_PREFERS_STRING_CATALOGS = YES;
				MTL_ENABLE_DEBUG_INFO = NO;
				MTL_FAST_MATH = YES;
				SDKROOT = iphoneos;
				SWIFT_COMPILATION_MODE = wholemodule;
				VALIDATE_PRODUCT = YES;
			};
			name = Release;
		};
		A85AACFA2BB3603500B6E8C4 /* Debug */ = {
			isa = XCBuildConfiguration;
			buildSettings = {
				ASSETCATALOG_COMPILER_APPICON_NAME = AppIcon;
				ASSETCATALOG_COMPILER_GLOBAL_ACCENT_COLOR_NAME = AccentColor;
				CODE_SIGN_STYLE = Automatic;
				CURRENT_PROJECT_VERSION = 1;
				DEVELOPMENT_ASSET_PATHS = "\"Petatet/Preview Content\"";
				DEVELOPMENT_TEAM = YSWM5SJ596;
				ENABLE_PREVIEWS = YES;
				FRAMEWORK_SEARCH_PATHS = (
					"$(inherited)",
					"$(PROJECT_DIR)TimelineiOS",
				);
				GENERATE_INFOPLIST_FILE = YES;
				INFOPLIST_KEY_UIApplicationSceneManifest_Generation = YES;
				INFOPLIST_KEY_UIApplicationSupportsIndirectInputEvents = YES;
				INFOPLIST_KEY_UILaunchScreen_Generation = YES;
				INFOPLIST_KEY_UISupportedInterfaceOrientations_iPad = "UIInterfaceOrientationPortrait UIInterfaceOrientationPortraitUpsideDown UIInterfaceOrientationLandscapeLeft UIInterfaceOrientationLandscapeRight";
				INFOPLIST_KEY_UISupportedInterfaceOrientations_iPhone = "UIInterfaceOrientationPortrait UIInterfaceOrientationLandscapeLeft UIInterfaceOrientationLandscapeRight";
				LD_RUNPATH_SEARCH_PATHS = (
					"$(inherited)",
					"@executable_path/Frameworks",
				);
				MARKETING_VERSION = 1.0;
				PRODUCT_BUNDLE_IDENTIFIER = com.nikivanov.Petatet;
				PRODUCT_NAME = "$(TARGET_NAME)";
				SWIFT_EMIT_LOC_STRINGS = YES;
				SWIFT_VERSION = 5.0;
				TARGETED_DEVICE_FAMILY = "1,2";
			};
			name = Debug;
		};
		A85AACFB2BB3603500B6E8C4 /* Release */ = {
			isa = XCBuildConfiguration;
			buildSettings = {
				ASSETCATALOG_COMPILER_APPICON_NAME = AppIcon;
				ASSETCATALOG_COMPILER_GLOBAL_ACCENT_COLOR_NAME = AccentColor;
				CODE_SIGN_STYLE = Automatic;
				CURRENT_PROJECT_VERSION = 1;
				DEVELOPMENT_ASSET_PATHS = "\"Petatet/Preview Content\"";
				DEVELOPMENT_TEAM = YSWM5SJ596;
				ENABLE_PREVIEWS = YES;
				FRAMEWORK_SEARCH_PATHS = (
					"$(inherited)",
					"$(PROJECT_DIR)TimelineiOS",
				);
				GENERATE_INFOPLIST_FILE = YES;
				INFOPLIST_KEY_UIApplicationSceneManifest_Generation = YES;
				INFOPLIST_KEY_UIApplicationSupportsIndirectInputEvents = YES;
				INFOPLIST_KEY_UILaunchScreen_Generation = YES;
				INFOPLIST_KEY_UISupportedInterfaceOrientations_iPad = "UIInterfaceOrientationPortrait UIInterfaceOrientationPortraitUpsideDown UIInterfaceOrientationLandscapeLeft UIInterfaceOrientationLandscapeRight";
				INFOPLIST_KEY_UISupportedInterfaceOrientations_iPhone = "UIInterfaceOrientationPortrait UIInterfaceOrientationLandscapeLeft UIInterfaceOrientationLandscapeRight";
				LD_RUNPATH_SEARCH_PATHS = (
					"$(inherited)",
					"@executable_path/Frameworks",
				);
				MARKETING_VERSION = 1.0;
				PRODUCT_BUNDLE_IDENTIFIER = com.nikivanov.Petatet;
				PRODUCT_NAME = "$(TARGET_NAME)";
				SWIFT_EMIT_LOC_STRINGS = YES;
				SWIFT_VERSION = 5.0;
				TARGETED_DEVICE_FAMILY = "1,2";
			};
			name = Release;
		};
		A85AACFD2BB3603500B6E8C4 /* Debug */ = {
			isa = XCBuildConfiguration;
			buildSettings = {
				ALWAYS_EMBED_SWIFT_STANDARD_LIBRARIES = YES;
				BUNDLE_LOADER = "$(TEST_HOST)";
				CODE_SIGN_STYLE = Automatic;
				CURRENT_PROJECT_VERSION = 1;
				DEVELOPMENT_TEAM = YSWM5SJ596;
				GENERATE_INFOPLIST_FILE = YES;
				IPHONEOS_DEPLOYMENT_TARGET = 17.0;
				MARKETING_VERSION = 1.0;
				PRODUCT_BUNDLE_IDENTIFIER = com.nikivanov.PetatetTests;
				PRODUCT_NAME = "$(TARGET_NAME)";
				SWIFT_EMIT_LOC_STRINGS = NO;
				SWIFT_VERSION = 5.0;
				TARGETED_DEVICE_FAMILY = "1,2";
				TEST_HOST = "$(BUILT_PRODUCTS_DIR)/Petatet.app/$(BUNDLE_EXECUTABLE_FOLDER_PATH)/Petatet";
			};
			name = Debug;
		};
		A85AACFE2BB3603500B6E8C4 /* Release */ = {
			isa = XCBuildConfiguration;
			buildSettings = {
				ALWAYS_EMBED_SWIFT_STANDARD_LIBRARIES = YES;
				BUNDLE_LOADER = "$(TEST_HOST)";
				CODE_SIGN_STYLE = Automatic;
				CURRENT_PROJECT_VERSION = 1;
				DEVELOPMENT_TEAM = YSWM5SJ596;
				GENERATE_INFOPLIST_FILE = YES;
				IPHONEOS_DEPLOYMENT_TARGET = 17.0;
				MARKETING_VERSION = 1.0;
				PRODUCT_BUNDLE_IDENTIFIER = com.nikivanov.PetatetTests;
				PRODUCT_NAME = "$(TARGET_NAME)";
				SWIFT_EMIT_LOC_STRINGS = NO;
				SWIFT_VERSION = 5.0;
				TARGETED_DEVICE_FAMILY = "1,2";
				TEST_HOST = "$(BUILT_PRODUCTS_DIR)/Petatet.app/$(BUNDLE_EXECUTABLE_FOLDER_PATH)/Petatet";
			};
			name = Release;
		};
/* End XCBuildConfiguration section */

/* Begin XCConfigurationList section */
		A85AACD02BB3603200B6E8C4 /* Build configuration list for PBXProject "Petatet" */ = {
			isa = XCConfigurationList;
			buildConfigurations = (
				A85AACF72BB3603500B6E8C4 /* Debug */,
				A85AACF82BB3603500B6E8C4 /* Release */,
			);
			defaultConfigurationIsVisible = 0;
			defaultConfigurationName = Release;
		};
		A85AACF92BB3603500B6E8C4 /* Build configuration list for PBXNativeTarget "Petatet" */ = {
			isa = XCConfigurationList;
			buildConfigurations = (
				A85AACFA2BB3603500B6E8C4 /* Debug */,
				A85AACFB2BB3603500B6E8C4 /* Release */,
			);
			defaultConfigurationIsVisible = 0;
			defaultConfigurationName = Release;
		};
		A85AACFC2BB3603500B6E8C4 /* Build configuration list for PBXNativeTarget "PetatetTests" */ = {
			isa = XCConfigurationList;
			buildConfigurations = (
				A85AACFD2BB3603500B6E8C4 /* Debug */,
				A85AACFE2BB3603500B6E8C4 /* Release */,
			);
			defaultConfigurationIsVisible = 0;
			defaultConfigurationName = Release;
		};
/* End XCConfigurationList section */

/* Begin XCRemoteSwiftPackageReference section */
		A8661EF82C14F5A100E9268F /* XCRemoteSwiftPackageReference "Alamofire" */ = {
			isa = XCRemoteSwiftPackageReference;
			repositoryURL = "https://github.com/Alamofire/Alamofire.git";
			requirement = {
				kind = upToNextMajorVersion;
				minimumVersion = 5.9.1;
			};
		};
/* End XCRemoteSwiftPackageReference section */

/* Begin XCSwiftPackageProductDependency section */
		A8661EF92C14F5A100E9268F /* Alamofire */ = {
			isa = XCSwiftPackageProductDependency;
			package = A8661EF82C14F5A100E9268F /* XCRemoteSwiftPackageReference "Alamofire" */;
			productName = Alamofire;
		};
/* End XCSwiftPackageProductDependency section */
	};
	rootObject = A85AACCD2BB3603200B6E8C4 /* Project object */;
}
